// !$*UTF8*$!
{
	archiveVersion = 1;
	classes = {
	};
	objectVersion = 77;
	objects = {

/* Begin PBXContainerItemProxy section */
		D66733D72ED4A4D2002BDEB7 /* PBXContainerItemProxy */ = {
			isa = PBXContainerItemProxy;
			containerPortal = D66733C12ED4A4CE002BDEB7 /* Project object */;
			proxyType = 1;
			remoteGlobalIDString = D66733C82ED4A4CE002BDEB7;
			remoteInfo = GhibliSwiftUIApp;
		};
		D66733E12ED4A4D2002BDEB7 /* PBXContainerItemProxy */ = {
			isa = PBXContainerItemProxy;
			containerPortal = D66733C12ED4A4CE002BDEB7 /* Project object */;
			proxyType = 1;
			remoteGlobalIDString = D66733C82ED4A4CE002BDEB7;
			remoteInfo = GhibliSwiftUIApp;
		};
/* End PBXContainerItemProxy section */

/* Begin PBXFileReference section */
		D66733C92ED4A4CE002BDEB7 /* GhibliSwiftUIApp.app */ = {isa = PBXFileReference; explicitFileType = wrapper.application; includeInIndex = 0; path = GhibliSwiftUIApp.app; sourceTree = BUILT_PRODUCTS_DIR; };
		D66733D62ED4A4D2002BDEB7 /* GhibliSwiftUIAppTests.xctest */ = {isa = PBXFileReference; explicitFileType = wrapper.cfbundle; includeInIndex = 0; path = GhibliSwiftUIAppTests.xctest; sourceTree = BUILT_PRODUCTS_DIR; };
		D66733E02ED4A4D2002BDEB7 /* GhibliSwiftUIAppUITests.xctest */ = {isa = PBXFileReference; explicitFileType = wrapper.cfbundle; includeInIndex = 0; path = GhibliSwiftUIAppUITests.xctest; sourceTree = BUILT_PRODUCTS_DIR; };
/* End PBXFileReference section */

/* Begin PBXFileSystemSynchronizedRootGroup section */
		D66733CB2ED4A4CE002BDEB7 /* GhibliSwiftUIApp */ = {
			isa = PBXFileSystemSynchronizedRootGroup;
			path = GhibliSwiftUIApp;
			sourceTree = "<group>";
		};
		D66733D92ED4A4D2002BDEB7 /* GhibliSwiftUIAppTests */ = {
			isa = PBXFileSystemSynchronizedRootGroup;
			path = GhibliSwiftUIAppTests;
			sourceTree = "<group>";
		};
		D66733E32ED4A4D2002BDEB7 /* GhibliSwiftUIAppUITests */ = {
			isa = PBXFileSystemSynchronizedRootGroup;
			path = GhibliSwiftUIAppUITests;
			sourceTree = "<group>";
		};
/* End PBXFileSystemSynchronizedRootGroup section */

/* Begin PBXFrameworksBuildPhase section */
		D66733C62ED4A4CE002BDEB7 /* Frameworks */ = {
			isa = PBXFrameworksBuildPhase;
			buildActionMask = 2147483647;
			files = (
			);
			runOnlyForDeploymentPostprocessing = 0;
		};
		D66733D32ED4A4D2002BDEB7 /* Frameworks */ = {
			isa = PBXFrameworksBuildPhase;
			buildActionMask = 2147483647;
			files = (
			);
			runOnlyForDeploymentPostprocessing = 0;
		};
		D66733DD2ED4A4D2002BDEB7 /* Frameworks */ = {
			isa = PBXFrameworksBuildPhase;
			buildActionMask = 2147483647;
			files = (
			);
			runOnlyForDeploymentPostprocessing = 0;
		};
/* End PBXFrameworksBuildPhase section */

/* Begin PBXGroup section */
		D66733C02ED4A4CE002BDEB7 = {
			isa = PBXGroup;
			children = (
				D66733CB2ED4A4CE002BDEB7 /* GhibliSwiftUIApp */,
				D66733D92ED4A4D2002BDEB7 /* GhibliSwiftUIAppTests */,
				D66733E32ED4A4D2002BDEB7 /* GhibliSwiftUIAppUITests */,
				D66733CA2ED4A4CE002BDEB7 /* Products */,
			);
			sourceTree = "<group>";
		};
		D66733CA2ED4A4CE002BDEB7 /* Products */ = {
			isa = PBXGroup;
			children = (
				D66733C92ED4A4CE002BDEB7 /* GhibliSwiftUIApp.app */,
				D66733D62ED4A4D2002BDEB7 /* GhibliSwiftUIAppTests.xctest */,
				D66733E02ED4A4D2002BDEB7 /* GhibliSwiftUIAppUITests.xctest */,
			);
			name = Products;
			sourceTree = "<group>";
		};
/* End PBXGroup section */

/* Begin PBXNativeTarget section */
		D66733C82ED4A4CE002BDEB7 /* GhibliSwiftUIApp */ = {
			isa = PBXNativeTarget;
			buildConfigurationList = D66733EA2ED4A4D2002BDEB7 /* Build configuration list for PBXNativeTarget "GhibliSwiftUIApp" */;
			buildPhases = (
				D66733C52ED4A4CE002BDEB7 /* Sources */,
				D66733C62ED4A4CE002BDEB7 /* Frameworks */,
				D66733C72ED4A4CE002BDEB7 /* Resources */,
			);
			buildRules = (
			);
			dependencies = (
			);
			fileSystemSynchronizedGroups = (
				D66733CB2ED4A4CE002BDEB7 /* GhibliSwiftUIApp */,
			);
			name = GhibliSwiftUIApp;
			packageProductDependencies = (
			);
			productName = GhibliSwiftUIApp;
			productReference = D66733C92ED4A4CE002BDEB7 /* GhibliSwiftUIApp.app */;
			productType = "com.apple.product-type.application";
		};
		D66733D52ED4A4D2002BDEB7 /* GhibliSwiftUIAppTests */ = {
			isa = PBXNativeTarget;
			buildConfigurationList = D66733ED2ED4A4D2002BDEB7 /* Build configuration list for PBXNativeTarget "GhibliSwiftUIAppTests" */;
			buildPhases = (
				D66733D22ED4A4D2002BDEB7 /* Sources */,
				D66733D32ED4A4D2002BDEB7 /* Frameworks */,
				D66733D42ED4A4D2002BDEB7 /* Resources */,
			);
			buildRules = (
			);
			dependencies = (
				D66733D82ED4A4D2002BDEB7 /* PBXTargetDependency */,
			);
			fileSystemSynchronizedGroups = (
				D66733D92ED4A4D2002BDEB7 /* GhibliSwiftUIAppTests */,
			);
			name = GhibliSwiftUIAppTests;
			packageProductDependencies = (
			);
			productName = GhibliSwiftUIAppTests;
			productReference = D66733D62ED4A4D2002BDEB7 /* GhibliSwiftUIAppTests.xctest */;
			productType = "com.apple.product-type.bundle.unit-test";
		};
		D66733DF2ED4A4D2002BDEB7 /* GhibliSwiftUIAppUITests */ = {
			isa = PBXNativeTarget;
			buildConfigurationList = D66733F02ED4A4D2002BDEB7 /* Build configuration list for PBXNativeTarget "GhibliSwiftUIAppUITests" */;
			buildPhases = (
				D66733DC2ED4A4D2002BDEB7 /* Sources */,
				D66733DD2ED4A4D2002BDEB7 /* Frameworks */,
				D66733DE2ED4A4D2002BDEB7 /* Resources */,
			);
			buildRules = (
			);
			dependencies = (
				D66733E22ED4A4D2002BDEB7 /* PBXTargetDependency */,
			);
			fileSystemSynchronizedGroups = (
				D66733E32ED4A4D2002BDEB7 /* GhibliSwiftUIAppUITests */,
			);
			name = GhibliSwiftUIAppUITests;
			packageProductDependencies = (
			);
			productName = GhibliSwiftUIAppUITests;
			productReference = D66733E02ED4A4D2002BDEB7 /* GhibliSwiftUIAppUITests.xctest */;
			productType = "com.apple.product-type.bundle.ui-testing";
		};
/* End PBXNativeTarget section */

/* Begin PBXProject section */
		D66733C12ED4A4CE002BDEB7 /* Project object */ = {
			isa = PBXProject;
			attributes = {
				BuildIndependentTargetsInParallel = 1;
				LastSwiftUpdateCheck = 2610;
				LastUpgradeCheck = 2610;
				TargetAttributes = {
					D66733C82ED4A4CE002BDEB7 = {
						CreatedOnToolsVersion = 26.1.1;
					};
					D66733D52ED4A4D2002BDEB7 = {
						CreatedOnToolsVersion = 26.1.1;
						TestTargetID = D66733C82ED4A4CE002BDEB7;
					};
					D66733DF2ED4A4D2002BDEB7 = {
						CreatedOnToolsVersion = 26.1.1;
						TestTargetID = D66733C82ED4A4CE002BDEB7;
					};
				};
			};
			buildConfigurationList = D66733C42ED4A4CE002BDEB7 /* Build configuration list for PBXProject "GhibliSwiftUIApp" */;
			developmentRegion = en;
			hasScannedForEncodings = 0;
			knownRegions = (
				en,
				Base,
			);
			mainGroup = D66733C02ED4A4CE002BDEB7;
			minimizedProjectReferenceProxies = 1;
			preferredProjectObjectVersion = 77;
			productRefGroup = D66733CA2ED4A4CE002BDEB7 /* Products */;
			projectDirPath = "";
			projectRoot = "";
			targets = (
				D66733C82ED4A4CE002BDEB7 /* GhibliSwiftUIApp */,
				D66733D52ED4A4D2002BDEB7 /* GhibliSwiftUIAppTests */,
				D66733DF2ED4A4D2002BDEB7 /* GhibliSwiftUIAppUITests */,
			);
		};
/* End PBXProject section */

/* Begin PBXResourcesBuildPhase section */
		D66733C72ED4A4CE002BDEB7 /* Resources */ = {
			isa = PBXResourcesBuildPhase;
			buildActionMask = 2147483647;
			files = (
			);
			runOnlyForDeploymentPostprocessing = 0;
		};
		D66733D42ED4A4D2002BDEB7 /* Resources */ = {
			isa = PBXResourcesBuildPhase;
			buildActionMask = 2147483647;
			files = (
			);
			runOnlyForDeploymentPostprocessing = 0;
		};
		D66733DE2ED4A4D2002BDEB7 /* Resources */ = {
			isa = PBXResourcesBuildPhase;
			buildActionMask = 2147483647;
			files = (
			);
			runOnlyForDeploymentPostprocessing = 0;
		};
/* End PBXResourcesBuildPhase section */

/* Begin PBXSourcesBuildPhase section */
		D66733C52ED4A4CE002BDEB7 /* Sources */ = {
			isa = PBXSourcesBuildPhase;
			buildActionMask = 2147483647;
			files = (
			);
			runOnlyForDeploymentPostprocessing = 0;
		};
		D66733D22ED4A4D2002BDEB7 /* Sources */ = {
			isa = PBXSourcesBuildPhase;
			buildActionMask = 2147483647;
			files = (
			);
			runOnlyForDeploymentPostprocessing = 0;
		};
		D66733DC2ED4A4D2002BDEB7 /* Sources */ = {
			isa = PBXSourcesBuildPhase;
			buildActionMask = 2147483647;
			files = (
			);
			runOnlyForDeploymentPostprocessing = 0;
		};
/* End PBXSourcesBuildPhase section */

/* Begin PBXTargetDependency section */
		D66733D82ED4A4D2002BDEB7 /* PBXTargetDependency */ = {
			isa = PBXTargetDependency;
			target = D66733C82ED4A4CE002BDEB7 /* GhibliSwiftUIApp */;
			targetProxy = D66733D72ED4A4D2002BDEB7 /* PBXContainerItemProxy */;
		};
		D66733E22ED4A4D2002BDEB7 /* PBXTargetDependency */ = {
			isa = PBXTargetDependency;
			target = D66733C82ED4A4CE002BDEB7 /* GhibliSwiftUIApp */;
			targetProxy = D66733E12ED4A4D2002BDEB7 /* PBXContainerItemProxy */;
		};
/* End PBXTargetDependency section */

/* Begin XCBuildConfiguration section */
		D66733E82ED4A4D2002BDEB7 /* Debug */ = {
			isa = XCBuildConfiguration;
			buildSettings = {
				ALWAYS_SEARCH_USER_PATHS = NO;
				ASSETCATALOG_COMPILER_GENERATE_SWIFT_ASSET_SYMBOL_EXTENSIONS = YES;
				CLANG_ANALYZER_NONNULL = YES;
				CLANG_ANALYZER_NUMBER_OBJECT_CONVERSION = YES_AGGRESSIVE;
				CLANG_CXX_LANGUAGE_STANDARD = "gnu++20";
				CLANG_ENABLE_MODULES = YES;
				CLANG_ENABLE_OBJC_ARC = YES;
				CLANG_ENABLE_OBJC_WEAK = YES;
				CLANG_WARN_BLOCK_CAPTURE_AUTORELEASING = YES;
				CLANG_WARN_BOOL_CONVERSION = YES;
				CLANG_WARN_COMMA = YES;
				CLANG_WARN_CONSTANT_CONVERSION = YES;
				CLANG_WARN_DEPRECATED_OBJC_IMPLEMENTATIONS = YES;
				CLANG_WARN_DIRECT_OBJC_ISA_USAGE = YES_ERROR;
				CLANG_WARN_DOCUMENTATION_COMMENTS = YES;
				CLANG_WARN_EMPTY_BODY = YES;
				CLANG_WARN_ENUM_CONVERSION = YES;
				CLANG_WARN_INFINITE_RECURSION = YES;
				CLANG_WARN_INT_CONVERSION = YES;
				CLANG_WARN_NON_LITERAL_NULL_CONVERSION = YES;
				CLANG_WARN_OBJC_IMPLICIT_RETAIN_SELF = YES;
				CLANG_WARN_OBJC_LITERAL_CONVERSION = YES;
				CLANG_WARN_OBJC_ROOT_CLASS = YES_ERROR;
				CLANG_WARN_QUOTED_INCLUDE_IN_FRAMEWORK_HEADER = YES;
				CLANG_WARN_RANGE_LOOP_ANALYSIS = YES;
				CLANG_WARN_STRICT_PROTOTYPES = YES;
				CLANG_WARN_SUSPICIOUS_MOVE = YES;
				CLANG_WARN_UNGUARDED_AVAILABILITY = YES_AGGRESSIVE;
				CLANG_WARN_UNREACHABLE_CODE = YES;
				CLANG_WARN__DUPLICATE_METHOD_MATCH = YES;
				COPY_PHASE_STRIP = NO;
				DEBUG_INFORMATION_FORMAT = dwarf;
				DEVELOPMENT_TEAM = 9KK8ARQW28;
				ENABLE_STRICT_OBJC_MSGSEND = YES;
				ENABLE_TESTABILITY = YES;
				ENABLE_USER_SCRIPT_SANDBOXING = YES;
				GCC_C_LANGUAGE_STANDARD = gnu17;
				GCC_DYNAMIC_NO_PIC = NO;
				GCC_NO_COMMON_BLOCKS = YES;
				GCC_OPTIMIZATION_LEVEL = 0;
				GCC_PREPROCESSOR_DEFINITIONS = (
					"DEBUG=1",
					"$(inherited)",
				);
				GCC_WARN_64_TO_32_BIT_CONVERSION = YES;
				GCC_WARN_ABOUT_RETURN_TYPE = YES_ERROR;
				GCC_WARN_UNDECLARED_SELECTOR = YES;
				GCC_WARN_UNINITIALIZED_AUTOS = YES_AGGRESSIVE;
				GCC_WARN_UNUSED_FUNCTION = YES;
				GCC_WARN_UNUSED_VARIABLE = YES;
				IPHONEOS_DEPLOYMENT_TARGET = 26.1;
				LOCALIZATION_PREFERS_STRING_CATALOGS = YES;
				MTL_ENABLE_DEBUG_INFO = INCLUDE_SOURCE;
				MTL_FAST_MATH = YES;
				ONLY_ACTIVE_ARCH = YES;
				SDKROOT = iphoneos;
				SWIFT_ACTIVE_COMPILATION_CONDITIONS = "DEBUG $(inherited)";
				SWIFT_OPTIMIZATION_LEVEL = "-Onone";
			};
			name = Debug;
		};
		D66733E92ED4A4D2002BDEB7 /* Release */ = {
			isa = XCBuildConfiguration;
			buildSettings = {
				ALWAYS_SEARCH_USER_PATHS = NO;
				ASSETCATALOG_COMPILER_GENERATE_SWIFT_ASSET_SYMBOL_EXTENSIONS = YES;
				CLANG_ANALYZER_NONNULL = YES;
				CLANG_ANALYZER_NUMBER_OBJECT_CONVERSION = YES_AGGRESSIVE;
				CLANG_CXX_LANGUAGE_STANDARD = "gnu++20";
				CLANG_ENABLE_MODULES = YES;
				CLANG_ENABLE_OBJC_ARC = YES;
				CLANG_ENABLE_OBJC_WEAK = YES;
				CLANG_WARN_BLOCK_CAPTURE_AUTORELEASING = YES;
				CLANG_WARN_BOOL_CONVERSION = YES;
				CLANG_WARN_COMMA = YES;
				CLANG_WARN_CONSTANT_CONVERSION = YES;
				CLANG_WARN_DEPRECATED_OBJC_IMPLEMENTATIONS = YES;
				CLANG_WARN_DIRECT_OBJC_ISA_USAGE = YES_ERROR;
				CLANG_WARN_DOCUMENTATION_COMMENTS = YES;
				CLANG_WARN_EMPTY_BODY = YES;
				CLANG_WARN_ENUM_CONVERSION = YES;
				CLANG_WARN_INFINITE_RECURSION = YES;
				CLANG_WARN_INT_CONVERSION = YES;
				CLANG_WARN_NON_LITERAL_NULL_CONVERSION = YES;
				CLANG_WARN_OBJC_IMPLICIT_RETAIN_SELF = YES;
				CLANG_WARN_OBJC_LITERAL_CONVERSION = YES;
				CLANG_WARN_OBJC_ROOT_CLASS = YES_ERROR;
				CLANG_WARN_QUOTED_INCLUDE_IN_FRAMEWORK_HEADER = YES;
				CLANG_WARN_RANGE_LOOP_ANALYSIS = YES;
				CLANG_WARN_STRICT_PROTOTYPES = YES;
				CLANG_WARN_SUSPICIOUS_MOVE = YES;
				CLANG_WARN_UNGUARDED_AVAILABILITY = YES_AGGRESSIVE;
				CLANG_WARN_UNREACHABLE_CODE = YES;
				CLANG_WARN__DUPLICATE_METHOD_MATCH = YES;
				COPY_PHASE_STRIP = NO;
				DEBUG_INFORMATION_FORMAT = "dwarf-with-dsym";
				DEVELOPMENT_TEAM = 9KK8ARQW28;
				ENABLE_NS_ASSERTIONS = NO;
				ENABLE_STRICT_OBJC_MSGSEND = YES;
				ENABLE_USER_SCRIPT_SANDBOXING = YES;
				GCC_C_LANGUAGE_STANDARD = gnu17;
				GCC_NO_COMMON_BLOCKS = YES;
				GCC_WARN_64_TO_32_BIT_CONVERSION = YES;
				GCC_WARN_ABOUT_RETURN_TYPE = YES_ERROR;
				GCC_WARN_UNDECLARED_SELECTOR = YES;
				GCC_WARN_UNINITIALIZED_AUTOS = YES_AGGRESSIVE;
				GCC_WARN_UNUSED_FUNCTION = YES;
				GCC_WARN_UNUSED_VARIABLE = YES;
				IPHONEOS_DEPLOYMENT_TARGET = 26.1;
				LOCALIZATION_PREFERS_STRING_CATALOGS = YES;
				MTL_ENABLE_DEBUG_INFO = NO;
				MTL_FAST_MATH = YES;
				SDKROOT = iphoneos;
				SWIFT_COMPILATION_MODE = wholemodule;
				VALIDATE_PRODUCT = YES;
			};
			name = Release;
		};
		D66733EB2ED4A4D2002BDEB7 /* Debug */ = {
			isa = XCBuildConfiguration;
			buildSettings = {
				ASSETCATALOG_COMPILER_APPICON_NAME = AppIcon;
				ASSETCATALOG_COMPILER_GLOBAL_ACCENT_COLOR_NAME = AccentColor;
				CODE_SIGN_STYLE = Automatic;
				CURRENT_PROJECT_VERSION = 1;
				DEVELOPMENT_ASSET_PATHS = "GhibliSwiftUIApp/Preview\\ Assets/SampleData.json GhibliSwiftUIApp/Preview\\ Assets";
				DEVELOPMENT_TEAM = 9KK8ARQW28;
				ENABLE_PREVIEWS = YES;
				GENERATE_INFOPLIST_FILE = YES;
				INFOPLIST_KEY_UIApplicationSceneManifest_Generation = YES;
				INFOPLIST_KEY_UIApplicationSupportsIndirectInputEvents = YES;
				INFOPLIST_KEY_UILaunchScreen_Generation = YES;
				INFOPLIST_KEY_UISupportedInterfaceOrientations_iPad = "UIInterfaceOrientationPortrait UIInterfaceOrientationPortraitUpsideDown UIInterfaceOrientationLandscapeLeft UIInterfaceOrientationLandscapeRight";
				INFOPLIST_KEY_UISupportedInterfaceOrientations_iPhone = "UIInterfaceOrientationPortrait UIInterfaceOrientationLandscapeLeft UIInterfaceOrientationLandscapeRight";
				LD_RUNPATH_SEARCH_PATHS = (
					"$(inherited)",
					"@executable_path/Frameworks",
				);
				MARKETING_VERSION = 1.0;
				PRODUCT_BUNDLE_IDENTIFIER = thamenezs.GhibliSwiftUIApp;
				PRODUCT_NAME = "$(TARGET_NAME)";
				STRING_CATALOG_GENERATE_SYMBOLS = YES;
				SWIFT_APPROACHABLE_CONCURRENCY = YES;
				SWIFT_DEFAULT_ACTOR_ISOLATION = MainActor;
				SWIFT_EMIT_LOC_STRINGS = YES;
				SWIFT_STRICT_CONCURRENCY = targeted;
				SWIFT_UPCOMING_FEATURE_MEMBER_IMPORT_VISIBILITY = YES;
				SWIFT_VERSION = 6.0;
				TARGETED_DEVICE_FAMILY = "1,2";
			};
			name = Debug;
		};
		D66733EC2ED4A4D2002BDEB7 /* Release */ = {
			isa = XCBuildConfiguration;
			buildSettings = {
				ASSETCATALOG_COMPILER_APPICON_NAME = AppIcon;
				ASSETCATALOG_COMPILER_GLOBAL_ACCENT_COLOR_NAME = AccentColor;
				CODE_SIGN_STYLE = Automatic;
				CURRENT_PROJECT_VERSION = 1;
				DEVELOPMENT_TEAM = 9KK8ARQW28;
				ENABLE_PREVIEWS = YES;
				GENERATE_INFOPLIST_FILE = YES;
				INFOPLIST_KEY_UIApplicationSceneManifest_Generation = YES;
				INFOPLIST_KEY_UIApplicationSupportsIndirectInputEvents = YES;
				INFOPLIST_KEY_UILaunchScreen_Generation = YES;
				INFOPLIST_KEY_UISupportedInterfaceOrientations_iPad = "UIInterfaceOrientationPortrait UIInterfaceOrientationPortraitUpsideDown UIInterfaceOrientationLandscapeLeft UIInterfaceOrientationLandscapeRight";
				INFOPLIST_KEY_UISupportedInterfaceOrientations_iPhone = "UIInterfaceOrientationPortrait UIInterfaceOrientationLandscapeLeft UIInterfaceOrientationLandscapeRight";
				LD_RUNPATH_SEARCH_PATHS = (
					"$(inherited)",
					"@executable_path/Frameworks",
				);
				MARKETING_VERSION = 1.0;
				PRODUCT_BUNDLE_IDENTIFIER = thamenezs.GhibliSwiftUIApp;
				PRODUCT_NAME = "$(TARGET_NAME)";
				STRING_CATALOG_GENERATE_SYMBOLS = YES;
				SWIFT_APPROACHABLE_CONCURRENCY = YES;
				SWIFT_DEFAULT_ACTOR_ISOLATION = MainActor;
				SWIFT_EMIT_LOC_STRINGS = YES;
				SWIFT_STRICT_CONCURRENCY = targeted;
				SWIFT_UPCOMING_FEATURE_MEMBER_IMPORT_VISIBILITY = YES;
				SWIFT_VERSION = 6.0;
				TARGETED_DEVICE_FAMILY = "1,2";
			};
			name = Release;
		};
		D66733EE2ED4A4D2002BDEB7 /* Debug */ = {
			isa = XCBuildConfiguration;
			buildSettings = {
				BUNDLE_LOADER = "$(TEST_HOST)";
				CODE_SIGN_STYLE = Automatic;
				CURRENT_PROJECT_VERSION = 1;
				DEVELOPMENT_TEAM = 9KK8ARQW28;
				GENERATE_INFOPLIST_FILE = YES;
				IPHONEOS_DEPLOYMENT_TARGET = 26.1;
				MARKETING_VERSION = 1.0;
				PRODUCT_BUNDLE_IDENTIFIER = thamenezs.GhibliSwiftUIAppTests;
				PRODUCT_NAME = "$(TARGET_NAME)";
				STRING_CATALOG_GENERATE_SYMBOLS = NO;
				SWIFT_APPROACHABLE_CONCURRENCY = YES;
				SWIFT_EMIT_LOC_STRINGS = NO;
				SWIFT_UPCOMING_FEATURE_MEMBER_IMPORT_VISIBILITY = YES;
				SWIFT_VERSION = 5.0;
				TARGETED_DEVICE_FAMILY = "1,2";
				TEST_HOST = "$(BUILT_PRODUCTS_DIR)/GhibliSwiftUIApp.app/$(BUNDLE_EXECUTABLE_FOLDER_PATH)/GhibliSwiftUIApp";
			};
			name = Debug;
		};
		D66733EF2ED4A4D2002BDEB7 /* Release */ = {
			isa = XCBuildConfiguration;
			buildSettings = {
				BUNDLE_LOADER = "$(TEST_HOST)";
				CODE_SIGN_STYLE = Automatic;
				CURRENT_PROJECT_VERSION = 1;
				DEVELOPMENT_TEAM = 9KK8ARQW28;
				GENERATE_INFOPLIST_FILE = YES;
				IPHONEOS_DEPLOYMENT_TARGET = 26.1;
				MARKETING_VERSION = 1.0;
				PRODUCT_BUNDLE_IDENTIFIER = thamenezs.GhibliSwiftUIAppTests;
				PRODUCT_NAME = "$(TARGET_NAME)";
				STRING_CATALOG_GENERATE_SYMBOLS = NO;
				SWIFT_APPROACHABLE_CONCURRENCY = YES;
				SWIFT_EMIT_LOC_STRINGS = NO;
				SWIFT_UPCOMING_FEATURE_MEMBER_IMPORT_VISIBILITY = YES;
				SWIFT_VERSION = 5.0;
				TARGETED_DEVICE_FAMILY = "1,2";
				TEST_HOST = "$(BUILT_PRODUCTS_DIR)/GhibliSwiftUIApp.app/$(BUNDLE_EXECUTABLE_FOLDER_PATH)/GhibliSwiftUIApp";
			};
			name = Release;
		};
		D66733F12ED4A4D2002BDEB7 /* Debug */ = {
			isa = XCBuildConfiguration;
			buildSettings = {
				CODE_SIGN_STYLE = Automatic;
				CURRENT_PROJECT_VERSION = 1;
				DEVELOPMENT_TEAM = 9KK8ARQW28;
				GENERATE_INFOPLIST_FILE = YES;
				MARKETING_VERSION = 1.0;
				PRODUCT_BUNDLE_IDENTIFIER = thamenezs.GhibliSwiftUIAppUITests;
				PRODUCT_NAME = "$(TARGET_NAME)";
				STRING_CATALOG_GENERATE_SYMBOLS = NO;
				SWIFT_APPROACHABLE_CONCURRENCY = YES;
				SWIFT_EMIT_LOC_STRINGS = NO;
				SWIFT_UPCOMING_FEATURE_MEMBER_IMPORT_VISIBILITY = YES;
				SWIFT_VERSION = 5.0;
				TARGETED_DEVICE_FAMILY = "1,2";
				TEST_TARGET_NAME = GhibliSwiftUIApp;
			};
			name = Debug;
		};
		D66733F22ED4A4D2002BDEB7 /* Release */ = {
			isa = XCBuildConfiguration;
			buildSettings = {
				CODE_SIGN_STYLE = Automatic;
				CURRENT_PROJECT_VERSION = 1;
				DEVELOPMENT_TEAM = 9KK8ARQW28;
				GENERATE_INFOPLIST_FILE = YES;
				MARKETING_VERSION = 1.0;
				PRODUCT_BUNDLE_IDENTIFIER = thamenezs.GhibliSwiftUIAppUITests;
				PRODUCT_NAME = "$(TARGET_NAME)";
				STRING_CATALOG_GENERATE_SYMBOLS = NO;
				SWIFT_APPROACHABLE_CONCURRENCY = YES;
				SWIFT_EMIT_LOC_STRINGS = NO;
				SWIFT_UPCOMING_FEATURE_MEMBER_IMPORT_VISIBILITY = YES;
				SWIFT_VERSION = 5.0;
				TARGETED_DEVICE_FAMILY = "1,2";
				TEST_TARGET_NAME = GhibliSwiftUIApp;
			};
			name = Release;
		};
/* End XCBuildConfiguration section */

/* Begin XCConfigurationList section */
		D66733C42ED4A4CE002BDEB7 /* Build configuration list for PBXProject "GhibliSwiftUIApp" */ = {
			isa = XCConfigurationList;
			buildConfigurations = (
				D66733E82ED4A4D2002BDEB7 /* Debug */,
				D66733E92ED4A4D2002BDEB7 /* Release */,
			);
			defaultConfigurationIsVisible = 0;
			defaultConfigurationName = Release;
		};
		D66733EA2ED4A4D2002BDEB7 /* Build configuration list for PBXNativeTarget "GhibliSwiftUIApp" */ = {
			isa = XCConfigurationList;
			buildConfigurations = (
				D66733EB2ED4A4D2002BDEB7 /* Debug */,
				D66733EC2ED4A4D2002BDEB7 /* Release */,
			);
			defaultConfigurationIsVisible = 0;
			defaultConfigurationName = Release;
		};
		D66733ED2ED4A4D2002BDEB7 /* Build configuration list for PBXNativeTarget "GhibliSwiftUIAppTests" */ = {
			isa = XCConfigurationList;
			buildConfigurations = (
				D66733EE2ED4A4D2002BDEB7 /* Debug */,
				D66733EF2ED4A4D2002BDEB7 /* Release */,
			);
			defaultConfigurationIsVisible = 0;
			defaultConfigurationName = Release;
		};
		D66733F02ED4A4D2002BDEB7 /* Build configuration list for PBXNativeTarget "GhibliSwiftUIAppUITests" */ = {
			isa = XCConfigurationList;
			buildConfigurations = (
				D66733F12ED4A4D2002BDEB7 /* Debug */,
				D66733F22ED4A4D2002BDEB7 /* Release */,
			);
			defaultConfigurationIsVisible = 0;
			defaultConfigurationName = Release;
		};
/* End XCConfigurationList section */
	};
	rootObject = D66733C12ED4A4CE002BDEB7 /* Project object */;
}
